[[package]]
name = "absl-py"
version = "1.0.0"
description = "Abseil Python Common Libraries, see https://github.com/abseil/abseil-py."
category = "main"
optional = false
python-versions = ">=3.6"

[package.dependencies]
six = "*"

[[package]]
name = "bump2version"
version = "1.0.1"
description = "Version-bump your software with a single command!"
category = "dev"
optional = false
python-versions = ">=3.5"

[[package]]
name = "bumpversion"
version = "0.6.0"
description = "Version-bump your software with a single command!"
category = "dev"
optional = false
python-versions = "*"

[package.dependencies]
bump2version = "*"

[[package]]
name = "certifi"
version = "2022.12.7"
description = "Python package for providing Mozilla's CA Bundle."
category = "main"
optional = false
python-versions = ">=3.6"

[[package]]
name = "charset-normalizer"
version = "2.0.12"
description = "The Real First Universal Charset Detector. Open, modern and actively maintained alternative to Chardet."
category = "main"
optional = false
python-versions = ">=3.5.0"

[package.extras]
unicode-backport = ["unicodedata2"]

[[package]]
name = "cozify"
version = "0.2.33"
description = "Unofficial Python3 API bindings for the (unpublished) Cozify API."
category = "main"
optional = false
python-versions = ">=3.8,<4.0"

[package.dependencies]
absl-py = ">=1.0.0,<2.0.0"
requests = ">=2.27.1,<3.0.0"

[[package]]
name = "idna"
version = "3.3"
description = "Internationalized Domain Names in Applications (IDNA)"
category = "main"
optional = false
python-versions = ">=3.5"

[[package]]
name = "influxdb-client"
version = "1.29.1"
description = "InfluxDB 2.0 Python client library"
category = "main"
optional = false
python-versions = ">=3.6"

[package.dependencies]
certifi = ">=14.05.14"
python-dateutil = ">=2.5.3"
pytz = ">=2019.1"
rx = ">=3.0.1"
setuptools = ">=21.0.0"
urllib3 = ">=1.26.0"

[package.extras]
async = ["aiohttp (>=3.8.1)"]
ciso = ["ciso8601 (>=2.1.1)"]
extra = ["numpy", "pandas (>=0.25.3)"]
test = ["aioresponses (>=0.7.3)", "coverage (>=4.0.3)", "httpretty (==1.0.5)", "nose (>=1.3.7)", "pluggy (>=0.3.1)", "psutil (>=5.6.3)", "py (>=1.4.31)", "pytest (>=5.0.0)", "randomize (>=0.13)"]

[[package]]
name = "python-dateutil"
version = "2.8.2"
description = "Extensions to the standard Python datetime module"
category = "main"
optional = false
python-versions = "!=3.0.*,!=3.1.*,!=3.2.*,>=2.7"

[package.dependencies]
six = ">=1.5"

[[package]]
name = "pytz"
version = "2021.3"
description = "World timezone definitions, modern and historical"
category = "main"
optional = false
python-versions = "*"

[[package]]
name = "requests"
version = "2.27.1"
description = "Python HTTP for Humans."
category = "main"
optional = false
python-versions = ">=2.7, !=3.0.*, !=3.1.*, !=3.2.*, !=3.3.*, !=3.4.*, !=3.5.*"

[package.dependencies]
certifi = ">=2017.4.17"
charset-normalizer = {version = ">=2.0.0,<2.1.0", markers = "python_version >= \"3\""}
idna = {version = ">=2.5,<4", markers = "python_version >= \"3\""}
urllib3 = ">=1.21.1,<1.27"

[package.extras]
socks = ["PySocks (>=1.5.6,!=1.5.7)", "win-inet-pton"]
use-chardet-on-py3 = ["chardet (>=3.0.2,<5)"]

[[package]]
name = "rx"
version = "3.2.0"
description = "Reactive Extensions (Rx) for Python"
category = "main"
optional = false
python-versions = ">=3.6.0"

[[package]]
name = "setuptools"
version = "65.6.3"
description = "Easily download, build, install, upgrade, and uninstall Python packages"
category = "main"
optional = false
python-versions = ">=3.7"

[package.extras]
docs = ["furo", "jaraco.packaging (>=9)", "jaraco.tidelift (>=1.4)", "pygments-github-lexers (==0.0.5)", "rst.linker (>=1.9)", "sphinx (>=3.5)", "sphinx-favicon", "sphinx-hoverxref (<2)", "sphinx-inline-tabs", "sphinx-notfound-page (==0.8.3)", "sphinx-reredirects", "sphinxcontrib-towncrier"]
testing = ["build[virtualenv]", "filelock (>=3.4.0)", "flake8 (<5)", "flake8-2020", "ini2toml[lite] (>=0.9)", "jaraco.envs (>=2.2)", "jaraco.path (>=3.2.0)", "pip (>=19.1)", "pip-run (>=8.8)", "pytest (>=6)", "pytest-black (>=0.3.7)", "pytest-checkdocs (>=2.4)", "pytest-cov", "pytest-enabler (>=1.3)", "pytest-flake8", "pytest-mypy (>=0.9.1)", "pytest-perf", "pytest-timeout", "pytest-xdist", "tomli-w (>=1.0.0)", "virtualenv (>=13.0.0)", "wheel"]
testing-integration = ["build[virtualenv]", "filelock (>=3.4.0)", "jaraco.envs (>=2.2)", "jaraco.path (>=3.2.0)", "pytest", "pytest-enabler", "pytest-xdist", "tomli", "virtualenv (>=13.0.0)", "wheel"]

[[package]]
name = "six"
version = "1.16.0"
description = "Python 2 and 3 compatibility utilities"
category = "main"
optional = false
python-versions = ">=2.7, !=3.0.*, !=3.1.*, !=3.2.*"

[[package]]
name = "urllib3"
version = "1.26.9"
description = "HTTP library with thread-safe connection pooling, file post, and more."
category = "main"
optional = false
python-versions = ">=2.7, !=3.0.*, !=3.1.*, !=3.2.*, !=3.3.*, !=3.4.*, <4"

[package.extras]
brotli = ["brotli (>=1.0.9)", "brotlicffi (>=0.8.0)", "brotlipy (>=0.6.0)"]
secure = ["certifi", "cryptography (>=1.3.4)", "idna (>=2.0.0)", "ipaddress", "pyOpenSSL (>=0.14)"]
socks = ["PySocks (>=1.5.6,!=1.5.7,<2.0)"]

[metadata]
lock-version = "1.1"
python-versions = "^3.8"
content-hash = "2ab2750f589c9ff61f0501961c4cde514e4ac5d9787dda193be764a1d16b70e3"

[metadata.files]
absl-py = [
    {file = "absl-py-1.0.0.tar.gz", hash = "sha256:ac511215c01ee9ae47b19716599e8ccfa746f2e18de72bdf641b79b22afa27ea"},
    {file = "absl_py-1.0.0-py3-none-any.whl", hash = "sha256:84e6dcdc69c947d0c13e5457d056bd43cade4c2393dce00d684aedea77ddc2a3"},
]
bump2version = [
    {file = "bump2version-1.0.1-py2.py3-none-any.whl", hash = "sha256:37f927ea17cde7ae2d7baf832f8e80ce3777624554a653006c9144f8017fe410"},
    {file = "bump2version-1.0.1.tar.gz", hash = "sha256:762cb2bfad61f4ec8e2bdf452c7c267416f8c70dd9ecb1653fd0bbb01fa936e6"},
]
bumpversion = [
    {file = "bumpversion-0.6.0-py2.py3-none-any.whl", hash = "sha256:4eb3267a38194d09f048a2179980bb4803701969bff2c85fa8f6d1ce050be15e"},
    {file = "bumpversion-0.6.0.tar.gz", hash = "sha256:4ba55e4080d373f80177b4dabef146c07ce73c7d1377aabf9d3c3ae1f94584a6"},
]
certifi = [
    {file = "certifi-2022.12.7-py3-none-any.whl", hash = "sha256:4ad3232f5e926d6718ec31cfc1fcadfde020920e278684144551c91769c7bc18"},
    {file = "certifi-2022.12.7.tar.gz", hash = "sha256:35824b4c3a97115964b408844d64aa14db1cc518f6562e8d7261699d1350a9e3"},
]
charset-normalizer = [
    {file = "charset-normalizer-2.0.12.tar.gz", hash = "sha256:2857e29ff0d34db842cd7ca3230549d1a697f96ee6d3fb071cfa6c7393832597"},
    {file = "charset_normalizer-2.0.12-py3-none-any.whl", hash = "sha256:6881edbebdb17b39b4eaaa821b438bf6eddffb4468cf344f09f89def34a8b1df"},
]
cozify = [
    {file = "cozify-0.2.33-py3-none-any.whl", hash = "sha256:df5e20ef78d52ff9f439f3f9c61b6b6fc36a0bfed6fb4fc624535971eaa590c3"},
    {file = "cozify-0.2.33.tar.gz", hash = "sha256:16d31d0bee47ce53004ed765b2bc81381f7dca3bf05ced82101bb99f116014ce"},
]
idna = [
    {file = "idna-3.3-py3-none-any.whl", hash = "sha256:84d9dd047ffa80596e0f246e2eab0b391788b0503584e8945f2368256d2735ff"},
    {file = "idna-3.3.tar.gz", hash = "sha256:9d643ff0a55b762d5cdb124b8eaa99c66322e2157b69160bc32796e824360e6d"},
]
influxdb-client = [
    {file = "influxdb_client-1.29.1-py3-none-any.whl", hash = "sha256:2145a33cd80325c390832361a274975901a4f462c7e158dc24bb45a97a91deeb"},
    {file = "influxdb_client-1.29.1.tar.gz", hash = "sha256:8e354aae9a7cce1e8125636228ecc7bd1df2a8cb0100399d2024f7fc1fdad73f"},
]
python-dateutil = [
    {file = "python-dateutil-2.8.2.tar.gz", hash = "sha256:0123cacc1627ae19ddf3c27a5de5bd67ee4586fbdd6440d9748f8abb483d3e86"},
    {file = "python_dateutil-2.8.2-py2.py3-none-any.whl", hash = "sha256:961d03dc3453ebbc59dbdea9e4e11c5651520a876d0f4db161e8674aae935da9"},
]
pytz = [
    {file = "pytz-2021.3-py2.py3-none-any.whl", hash = "sha256:3672058bc3453457b622aab7a1c3bfd5ab0bdae451512f6cf25f64ed37f5b87c"},
    {file = "pytz-2021.3.tar.gz", hash = "sha256:acad2d8b20a1af07d4e4c9d2e9285c5ed9104354062f275f3fcd88dcef4f1326"},
]
requests = [
    {file = "requests-2.27.1-py2.py3-none-any.whl", hash = "sha256:f22fa1e554c9ddfd16e6e41ac79759e17be9e492b3587efa038054674760e72d"},
    {file = "requests-2.27.1.tar.gz", hash = "sha256:68d7c56fd5a8999887728ef304a6d12edc7be74f1cfa47714fc8b414525c9a61"},
]
rx = [
    {file = "Rx-3.2.0-py3-none-any.whl", hash = "sha256:922c5f4edb3aa1beaa47bf61d65d5380011ff6adcd527f26377d05cb73ed8ec8"},
    {file = "Rx-3.2.0.tar.gz", hash = "sha256:b657ca2b45aa485da2f7dcfd09fac2e554f7ac51ff3c2f8f2ff962ecd963d91c"},
]
setuptools = [
    {file = "setuptools-65.6.3-py3-none-any.whl", hash = "sha256:57f6f22bde4e042978bcd50176fdb381d7c21a9efa4041202288d3737a0c6a54"},
    {file = "setuptools-65.6.3.tar.gz", hash = "sha256:a7620757bf984b58deaf32fc8a4577a9bbc0850cf92c20e1ce41c38c19e5fb75"},
]
six = [
    {file = "six-1.16.0-py2.py3-none-any.whl", hash = "sha256:8abb2f1d86890a2dfb989f9a77cfcfd3e47c2a354b01111771326f8aa26e0254"},
    {file = "six-1.16.0.tar.gz", hash = "sha256:1e61c37477a1626458e36f7b1d82aa5c9b094fa4802892072e49de9c60c4c926"},
]
urllib3 = [
    {file = "urllib3-1.26.9-py2.py3-none-any.whl", hash = "sha256:44ece4d53fb1706f667c9bd1c648f5469a2ec925fcf3a776667042d645472c14"},
    {file = "urllib3-1.26.9.tar.gz", hash = "sha256:aabaf16477806a5e1dd19aa41f8c2b7950dd3c746362d7e3223dbe6de6ac448e"},
]
